{
  "nodes": {
    "flake-utils": {
      "locked": {
        "lastModified": 1652776076,
        "narHash": "sha256-gzTw/v1vj4dOVbpBSJX4J0DwUR6LIyXo7/SuuTJp1kM=",
        "owner": "numtide",
        "repo": "flake-utils",
        "rev": "04c1b180862888302ddfb2e3ad9eaa63afc60cf8",
        "type": "github"
      },
      "original": {
        "owner": "numtide",
        "ref": "v1.0.0",
        "repo": "flake-utils",
        "type": "github"
      }
    },
    "llzk-lib": {
      "inputs": {
        "flake-utils": [
          "llzk-rs-pkgs",
          "llzk-pkgs",
          "flake-utils"
        ],
        "llzk-pkgs": [
          "llzk-rs-pkgs",
          "llzk-pkgs"
        ],
        "nixpkgs": [
          "llzk-rs-pkgs",
          "llzk-pkgs",
          "nixpkgs"
        ],
        "pcl-mlir-pkg": [
          "llzk-rs-pkgs",
          "pcl-mlir-pkg"
        ],
        "release-helpers": "release-helpers"
      },
      "locked": {
        "lastModified": 1775244473,
        "narHash": "sha256-FKF1xjq6zd2fOivmkTTT9Nta5iIdyMPLBm2sFJ5anew=",
        "owner": "project-llzk",
        "repo": "llzk-lib",
        "rev": "8e9ee1e3ad551c67c3dc901a16ebb412a3beaaa0",
        "type": "github"
      },
      "original": {
        "owner": "project-llzk",
        "repo": "llzk-lib",
        "type": "github"
      }
    },
    "llzk-pkgs": {
      "inputs": {
        "flake-utils": "flake-utils",
        "nixpkgs": "nixpkgs"
      },
      "locked": {
        "lastModified": 1768329036,
        "narHash": "sha256-aScxpJJ7VMDETL4hi+6Pojxb4VwKucW0VwOPCZDt53Q=",
        "owner": "project-llzk",
        "repo": "llzk-nix-pkgs",
        "rev": "830b084608fe510c2bd2612bf66def7cdabf7cf7",
        "type": "github"
      },
      "original": {
        "owner": "project-llzk",
        "repo": "llzk-nix-pkgs",
        "type": "github"
      }
    },
    "llzk-rs-pkgs": {
      "inputs": {
        "flake-utils": [
          "llzk-pkgs",
          "flake-utils"
        ],
        "llzk-lib": "llzk-lib",
        "llzk-pkgs": [
          "llzk-pkgs"
        ],
        "nixpkgs": [
          "llzk-pkgs",
          "nixpkgs"
        ],
        "pcl-mlir-pkg": "pcl-mlir-pkg",
        "release-helpers": [
          "llzk-rs-pkgs",
          "llzk-lib",
          "release-helpers"
        ],
        "rust-overlay": "rust-overlay"
      },
      "locked": {
        "lastModified": 1775539756,
        "narHash": "sha256-ql58y5+Cp1u21ywQx4AV5K6+u2u1sGYTvZCHjhDitrk=",
        "ref": "refs/heads/main",
        "rev": "0f815eb50497c5079b8b2cbf8d1c26424277a4c0",
        "revCount": 350,
        "type": "git",
        "url": "https://github.com/project-llzk/llzk-rs"
      },
      "original": {
        "type": "git",
        "url": "https://github.com/project-llzk/llzk-rs"
      }
    },
    "nixpkgs": {
      "locked": {
        "lastModified": 1768302833,
        "narHash": "sha256-h5bRFy9bco+8QcK7rGoOiqMxMbmn21moTACofNLRMP4=",
        "owner": "NixOS",
        "repo": "nixpkgs",
        "rev": "61db79b0c6b838d9894923920b612048e1201926",
        "type": "github"
      },
      "original": {
        "owner": "NixOS",
        "ref": "nixpkgs-unstable",
        "repo": "nixpkgs",
        "type": "github"
      }
    },
    "pcl-mlir-pkg": {
      "inputs": {
        "flake-utils": [
          "llzk-rs-pkgs",
          "llzk-pkgs",
          "flake-utils"
        ],
        "nixpkgs": [
          "llzk-rs-pkgs",
          "llzk-pkgs",
          "nixpkgs"
        ],
        "release-helpers": [
          "llzk-rs-pkgs",
          "release-helpers"
        ],
        "shared-pkgs": [
          "llzk-rs-pkgs",
          "llzk-pkgs"
        ]
      },
      "locked": {
        "lastModified": 1762544039,
        "narHash": "sha256-Esd4SAzUt5G3esTa6fTmivKpRScEROwSME4nN/SAU4w=",
        "owner": "Veridise",
        "repo": "pcl-mlir",
        "rev": "55cf619b032314198aacafc305871fb66b12b70e",
        "type": "github"
      },
      "original": {
        "owner": "Veridise",
        "repo": "pcl-mlir",
        "type": "github"
      }
    },
    "release-helpers": {
      "inputs": {
        "flake-utils": [
          "llzk-rs-pkgs",
          "llzk-lib",
          "llzk-pkgs",
          "flake-utils"
        ],
        "nixpkgs": [
          "llzk-rs-pkgs",
          "llzk-lib",
          "llzk-pkgs",
          "nixpkgs"
        ]
      },
      "locked": {
        "lastModified": 1747068965,
        "narHash": "sha256-px7s7IVHnR3SiShc7FKCUiL6vfqew5AM6jnkH7qO03I=",
        "owner": "project-llzk",
        "repo": "open-source-release-helpers",
        "rev": "c3d1ab6082cc62b167927d074f2836f290b9e3b7",
        "type": "github"
      },
      "original": {
        "owner": "project-llzk",
        "repo": "open-source-release-helpers",
        "type": "github"
      }
    },
    "root": {
      "inputs": {
        "flake-utils": [
          "llzk-pkgs",
          "flake-utils"
        ],
        "llzk-lib": [
          "llzk-rs-pkgs",
          "llzk-lib"
        ],
        "llzk-pkgs": "llzk-pkgs",
        "llzk-rs-pkgs": "llzk-rs-pkgs",
        "nixpkgs": [
          "llzk-pkgs",
          "nixpkgs"
        ],
        "release-helpers": [
          "llzk-rs-pkgs",
          "llzk-lib",
          "release-helpers"
        ]
      }
    },
    "rust-overlay": {
      "inputs": {
        "nixpkgs": [
          "llzk-rs-pkgs",
          "llzk-pkgs",
          "nixpkgs"
        ]
      },
      "locked": {
        "lastModified": 1773630837,
        "narHash": "sha256-zJhgAGnbVKeBMJOb9ctZm4BGS/Rnrz+5lfSXTVah4HQ=",
        "owner": "oxalica",
        "repo": "rust-overlay",
        "rev": "f600ea449c7b5bb596fa1cf21c871cc5b9e31316",
        "type": "github"
      },
      "original": {
        "owner": "oxalica",
        "repo": "rust-overlay",
        "type": "github"
      }
    }
  },
  "root": "root",
  "version": 7
}
